
Microsoft Visual Studio Solution File, Format Version 12.00
# Visual Studio 15
VisualStudioVersion = 15.0.27004.2002
MinimumVisualStudioVersion = 10.0.40219.1
Project("{FAE04EC0-301F-11D3-BF4B-00C04F79EFBC}") = "LearningSystem.Web", "LearningSystem.Web\LearningSystem.Web.csproj", "{8512A3DC-077C-4DF5-8C24-E6FA06282AE8}"
EndProject
Project("{FAE04EC0-301F-11D3-BF4B-00C04F79EFBC}") = "LearningSystem.Data", "LearningSystem.Data\LearningSystem.Data.csproj", "{86FD9A1B-61EB-43D9-AC1F-28567CB7E354}"
EndProject
Project("{FAE04EC0-301F-11D3-BF4B-00C04F79EFBC}") = "LearningSystem.Services", "LearningSystem.Services\LearningSystem.Services.csproj", "{C8F7E9C3-143D-43B8-8081-6330C50A37DE}"
EndProject
Project("{FAE04EC0-301F-11D3-BF4B-00C04F79EFBC}") = "LearningSystem.Common", "LearningSystem.Common\LearningSystem.Common.csproj", "{78B5A4E4-B2A7-493F-8074-708BCE564EAC}"
EndProject
Global
	GlobalSection(SolutionConfigurationPlatforms) = preSolution
		Debug|Any CPU = Debug|Any CPU
		Release|Any CPU = Release|Any CPU
	EndGlobalSection
	GlobalSection(ProjectConfigurationPlatforms) = postSolution
		{8512A3DC-077C-4DF5-8C24-E6FA06282AE8}.Debug|Any CPU.ActiveCfg = Debug|Any CPU
		{8512A3DC-077C-4DF5-8C24-E6FA06282AE8}.Debug|Any CPU.Build.0 = Debug|Any CPU
		{8512A3DC-077C-4DF5-8C24-E6FA06282AE8}.Release|Any CPU.ActiveCfg = Release|Any CPU
		{8512A3DC-077C-4DF5-8C24-E6FA06282AE8}.Release|Any CPU.Build.0 = Release|Any CPU
		{86FD9A1B-61EB-43D9-AC1F-28567CB7E354}.Debug|Any CPU.ActiveCfg = Debug|Any CPU
		{86FD9A1B-61EB-43D9-AC1F-28567CB7E354}.Debug|Any CPU.Build.0 = Debug|Any CPU
		{86FD9A1B-61EB-43D9-AC1F-28567CB7E354}.Release|Any CPU.ActiveCfg = Release|Any CPU
		{86FD9A1B-61EB-43D9-AC1F-28567CB7E354}.Release|Any CPU.Build.0 = Release|Any CPU
		{C8F7E9C3-143D-43B8-8081-6330C50A37DE}.Debug|Any CPU.ActiveCfg = Debug|Any CPU
		{C8F7E9C3-143D-43B8-8081-6330C50A37DE}.Debug|Any CPU.Build.0 = Debug|Any CPU
		{C8F7E9C3-143D-43B8-8081-6330C50A37DE}.Release|Any CPU.ActiveCfg = Release|Any CPU
		{C8F7E9C3-143D-43B8-8081-6330C50A37DE}.Release|Any CPU.Build.0 = Release|Any CPU
		{78B5A4E4-B2A7-493F-8074-708BCE564EAC}.Debug|Any CPU.ActiveCfg = Debug|Any CPU
		{78B5A4E4-B2A7-493F-8074-708BCE564EAC}.Debug|Any CPU.Build.0 = Debug|Any CPU
		{78B5A4E4-B2A7-493F-8074-708BCE564EAC}.Release|Any CPU.ActiveCfg = Release|Any CPU
		{78B5A4E4-B2A7-493F-8074-708BCE564EAC}.Release|Any CPU.Build.0 = Release|Any CPU
	EndGlobalSection
	GlobalSection(SolutionProperties) = preSolution
		HideSolutionNode = FALSE
	EndGlobalSection
	GlobalSection(ExtensibilityGlobals) = postSolution
		SolutionGuid = {7E1748B7-1879-408F-BC9B-60A736E66AD5}
	EndGlobalSection
EndGlobal
