
Microsoft Visual Studio Solution File, Format Version 12.00
# Visual Studio 15
VisualStudioVersion = 15.0.27428.2015
MinimumVisualStudioVersion = 10.0.40219.1
Project("{FAE04EC0-301F-11D3-BF4B-00C04F79EFBC}") = "OnlineBankSystem.Web", "OnlineBankSystem.Web\OnlineBankSystem.Web.csproj", "{D69C355E-5A61-4D78-A485-25181DF17993}"
EndProject
Project("{FAE04EC0-301F-11D3-BF4B-00C04F79EFBC}") = "OnlineBankSystem.Data", "OnlineBankSystem.Data\OnlineBankSystem.Data.csproj", "{D71EF028-D1E6-49E7-B3E9-1242EF949BD6}"
EndProject
Project("{FAE04EC0-301F-11D3-BF4B-00C04F79EFBC}") = "OnlineBankSystem.Services", "OnlineBankSystem.Services\OnlineBankSystem.Services.csproj", "{DEBE95E4-9A41-498A-9915-C07C5166E1C5}"
EndProject
Project("{FAE04EC0-301F-11D3-BF4B-00C04F79EFBC}") = "OnlineBankSystem.Common", "OnlineBankSystem.Common\OnlineBankSystem.Common.csproj", "{6D99D942-416C-4D8E-82F1-306560D12D66}"
EndProject
Global
	GlobalSection(SolutionConfigurationPlatforms) = preSolution
		Debug|Any CPU = Debug|Any CPU
		Release|Any CPU = Release|Any CPU
	EndGlobalSection
	GlobalSection(ProjectConfigurationPlatforms) = postSolution
		{D69C355E-5A61-4D78-A485-25181DF17993}.Debug|Any CPU.ActiveCfg = Debug|Any CPU
		{D69C355E-5A61-4D78-A485-25181DF17993}.Debug|Any CPU.Build.0 = Debug|Any CPU
		{D69C355E-5A61-4D78-A485-25181DF17993}.Release|Any CPU.ActiveCfg = Release|Any CPU
		{D69C355E-5A61-4D78-A485-25181DF17993}.Release|Any CPU.Build.0 = Release|Any CPU
		{D71EF028-D1E6-49E7-B3E9-1242EF949BD6}.Debug|Any CPU.ActiveCfg = Debug|Any CPU
		{D71EF028-D1E6-49E7-B3E9-1242EF949BD6}.Debug|Any CPU.Build.0 = Debug|Any CPU
		{D71EF028-D1E6-49E7-B3E9-1242EF949BD6}.Release|Any CPU.ActiveCfg = Release|Any CPU
		{D71EF028-D1E6-49E7-B3E9-1242EF949BD6}.Release|Any CPU.Build.0 = Release|Any CPU
		{DEBE95E4-9A41-498A-9915-C07C5166E1C5}.Debug|Any CPU.ActiveCfg = Debug|Any CPU
		{DEBE95E4-9A41-498A-9915-C07C5166E1C5}.Debug|Any CPU.Build.0 = Debug|Any CPU
		{DEBE95E4-9A41-498A-9915-C07C5166E1C5}.Release|Any CPU.ActiveCfg = Release|Any CPU
		{DEBE95E4-9A41-498A-9915-C07C5166E1C5}.Release|Any CPU.Build.0 = Release|Any CPU
		{6D99D942-416C-4D8E-82F1-306560D12D66}.Debug|Any CPU.ActiveCfg = Debug|Any CPU
		{6D99D942-416C-4D8E-82F1-306560D12D66}.Debug|Any CPU.Build.0 = Debug|Any CPU
		{6D99D942-416C-4D8E-82F1-306560D12D66}.Release|Any CPU.ActiveCfg = Release|Any CPU
		{6D99D942-416C-4D8E-82F1-306560D12D66}.Release|Any CPU.Build.0 = Release|Any CPU
	EndGlobalSection
	GlobalSection(SolutionProperties) = preSolution
		HideSolutionNode = FALSE
	EndGlobalSection
	GlobalSection(ExtensibilityGlobals) = postSolution
		SolutionGuid = {7A688B7C-BA9E-4EB4-8845-26360083307D}
	EndGlobalSection
EndGlobal
